
Microsoft Visual Studio Solution File, Format Version 12.00
# Visual Studio 15
VisualStudioVersion = 15.0.28010.2050
MinimumVisualStudioVersion = 10.0.40219.1
Project("{9A19103F-16F7-4668-BE54-9A1E7A4F7556}") = "ET", "ET\ET.csproj", "{FA2A9F56-F6F7-497F-AF79-0F5A584E2F3C}"
EndProject
Global
	GlobalSection(SolutionConfigurationPlatforms) = preSolution
		Debug|Any CPU = Debug|Any CPU
		Release|Any CPU = Release|Any CPU
	EndGlobalSection
	GlobalSection(ProjectConfigurationPlatforms) = postSolution
		{FA2A9F56-F6F7-497F-AF79-0F5A584E2F3C}.Debug|Any CPU.ActiveCfg = Debug|Any CPU
		{FA2A9F56-F6F7-497F-AF79-0F5A584E2F3C}.Debug|Any CPU.Build.0 = Debug|Any CPU
		{FA2A9F56-F6F7-497F-AF79-0F5A584E2F3C}.Release|Any CPU.ActiveCfg = Release|Any CPU
		{FA2A9F56-F6F7-497F-AF79-0F5A584E2F3C}.Release|Any CPU.Build.0 = Release|Any CPU
	EndGlobalSection
	GlobalSection(SolutionProperties) = preSolution
		HideSolutionNode = FALSE
	EndGlobalSection
	GlobalSection(ExtensibilityGlobals) = postSolution
		SolutionGuid = {DA89B064-06D4-4F61-B8DA-6CC9BBDC668E}
	EndGlobalSection
EndGlobal
